
Microsoft Visual Studio Solution File, Format Version 12.00
# Visual Studio Version 17
VisualStudioVersion = 17.14.36310.24 d17.14
MinimumVisualStudioVersion = 10.0.40219.1
Project("{FAE04EC0-301F-11D3-BF4B-00C04F79EFBC}") = "practice02", "practice02\practice02.csproj", "{4DCC5171-6152-4A9B-8041-0553EF7FF202}"
EndProject
Global
	GlobalSection(SolutionConfigurationPlatforms) = preSolution
		Debug|Any CPU = Debug|Any CPU
		Release|Any CPU = Release|Any CPU
	EndGlobalSection
	GlobalSection(ProjectConfigurationPlatforms) = postSolution
		{4DCC5171-6152-4A9B-8041-0553EF7FF202}.Debug|Any CPU.ActiveCfg = Debug|Any CPU
		{4DCC5171-6152-4A9B-8041-0553EF7FF202}.Debug|Any CPU.Build.0 = Debug|Any CPU
		{4DCC5171-6152-4A9B-8041-0553EF7FF202}.Release|Any CPU.ActiveCfg = Release|Any CPU
		{4DCC5171-6152-4A9B-8041-0553EF7FF202}.Release|Any CPU.Build.0 = Release|Any CPU
	EndGlobalSection
	GlobalSection(SolutionProperties) = preSolution
		HideSolutionNode = FALSE
	EndGlobalSection
	GlobalSection(ExtensibilityGlobals) = postSolution
		SolutionGuid = {9871C1DF-79F8-4D08-BACA-A6366E243654}
	EndGlobalSection
EndGlobal
