
Microsoft Visual Studio Solution File, Format Version 12.00
# Visual Studio Version 17
VisualStudioVersion = 17.11.35327.3
MinimumVisualStudioVersion = 10.0.40219.1
Project("{FAE04EC0-301F-11D3-BF4B-00C04F79EFBC}") = "practice03", "practice03\practice03.csproj", "{9CA7AAC9-4AA1-450F-A086-27D1B48AEB50}"
EndProject
Global
	GlobalSection(SolutionConfigurationPlatforms) = preSolution
		Debug|Any CPU = Debug|Any CPU
		Release|Any CPU = Release|Any CPU
	EndGlobalSection
	GlobalSection(ProjectConfigurationPlatforms) = postSolution
		{9CA7AAC9-4AA1-450F-A086-27D1B48AEB50}.Debug|Any CPU.ActiveCfg = Debug|Any CPU
		{9CA7AAC9-4AA1-450F-A086-27D1B48AEB50}.Debug|Any CPU.Build.0 = Debug|Any CPU
		{9CA7AAC9-4AA1-450F-A086-27D1B48AEB50}.Release|Any CPU.ActiveCfg = Release|Any CPU
		{9CA7AAC9-4AA1-450F-A086-27D1B48AEB50}.Release|Any CPU.Build.0 = Release|Any CPU
	EndGlobalSection
	GlobalSection(SolutionProperties) = preSolution
		HideSolutionNode = FALSE
	EndGlobalSection
	GlobalSection(ExtensibilityGlobals) = postSolution
		SolutionGuid = {D2287600-9DDB-4C86-B189-EFB2D4A1E402}
	EndGlobalSection
EndGlobal
